// !$*UTF8*$!
{
	archiveVersion = 1;
	classes = {
	};
	objectVersion = 56;
	objects = {

/* Begin PBXBuildFile section */
		68E4EC512939CEDB005BC224 /* AppDelegate.swift in Sources */ = {isa = PBXBuildFile; fileRef = 68E4EC502939CEDB005BC224 /* AppDelegate.swift */; };
		68E4EC532939CEDB005BC224 /* SceneDelegate.swift in Sources */ = {isa = PBXBuildFile; fileRef = 68E4EC522939CEDB005BC224 /* SceneDelegate.swift */; };
		68E4EC552939CEDB005BC224 /* ViewController.swift in Sources */ = {isa = PBXBuildFile; fileRef = 68E4EC542939CEDB005BC224 /* ViewController.swift */; };
		68E4EC582939CEDB005BC224 /* Main.storyboard in Resources */ = {isa = PBXBuildFile; fileRef = 68E4EC562939CEDB005BC224 /* Main.storyboard */; };
		68E4EC5A2939CEDC005BC224 /* Assets.xcassets in Resources */ = {isa = PBXBuildFile; fileRef = 68E4EC592939CEDC005BC224 /* Assets.xcassets */; };
		68E4EC5D2939CEDC005BC224 /* LaunchScreen.storyboard in Resources */ = {isa = PBXBuildFile; fileRef = 68E4EC5B2939CEDC005BC224 /* LaunchScreen.storyboard */; };
		68EB5D37294A2C7D0008FD20 /* LoginViewController.swift in Sources */ = {isa = PBXBuildFile; fileRef = 68EB5D36294A2C7D0008FD20 /* LoginViewController.swift */; };
		68EB5D3A294A2E850008FD20 /* CreateAccountViewController.swift in Sources */ = {isa = PBXBuildFile; fileRef = 68EB5D39294A2E850008FD20 /* CreateAccountViewController.swift */; };
		68EB5D3C294A32300008FD20 /* GoogleService-Info (2).plist in Resources */ = {isa = PBXBuildFile; fileRef = 68EB5D3B294A32300008FD20 /* GoogleService-Info (2).plist */; };
		68EB5D3F294A32F20008FD20 /* FirebaseAuth in Frameworks */ = {isa = PBXBuildFile; productRef = 68EB5D3E294A32F20008FD20 /* FirebaseAuth */; };
/* End PBXBuildFile section */

/* Begin PBXFileReference section */
		68E4EC4D2939CEDB005BC224 /* Book.app */ = {isa = PBXFileReference; explicitFileType = wrapper.application; includeInIndex = 0; path = Book.app; sourceTree = BUILT_PRODUCTS_DIR; };
		68E4EC502939CEDB005BC224 /* AppDelegate.swift */ = {isa = PBXFileReference; lastKnownFileType = sourcecode.swift; path = AppDelegate.swift; sourceTree = "<group>"; };
		68E4EC522939CEDB005BC224 /* SceneDelegate.swift */ = {isa = PBXFileReference; lastKnownFileType = sourcecode.swift; path = SceneDelegate.swift; sourceTree = "<group>"; };
		68E4EC542939CEDB005BC224 /* ViewController.swift */ = {isa = PBXFileReference; lastKnownFileType = sourcecode.swift; path = ViewController.swift; sourceTree = "<group>"; };
		68E4EC572939CEDB005BC224 /* Base */ = {isa = PBXFileReference; lastKnownFileType = file.storyboard; name = Base; path = Base.lproj/Main.storyboard; sourceTree = "<group>"; };
		68E4EC592939CEDC005BC224 /* Assets.xcassets */ = {isa = PBXFileReference; lastKnownFileType = folder.assetcatalog; path = Assets.xcassets; sourceTree = "<group>"; };
		68E4EC5C2939CEDC005BC224 /* Base */ = {isa = PBXFileReference; lastKnownFileType = file.storyboard; name = Base; path = Base.lproj/LaunchScreen.storyboard; sourceTree = "<group>"; };
		68E4EC5E2939CEDC005BC224 /* Info.plist */ = {isa = PBXFileReference; lastKnownFileType = text.plist.xml; path = Info.plist; sourceTree = "<group>"; };
		68EB5D36294A2C7D0008FD20 /* LoginViewController.swift */ = {isa = PBXFileReference; lastKnownFileType = sourcecode.swift; path = LoginViewController.swift; sourceTree = "<group>"; };
		68EB5D39294A2E850008FD20 /* CreateAccountViewController.swift */ = {isa = PBXFileReference; lastKnownFileType = sourcecode.swift; path = CreateAccountViewController.swift; sourceTree = "<group>"; };
		68EB5D3B294A32300008FD20 /* GoogleService-Info (2).plist */ = {isa = PBXFileReference; fileEncoding = 4; lastKnownFileType = text.plist.xml; path = "GoogleService-Info (2).plist"; sourceTree = "<group>"; };
/* End PBXFileReference section */

/* Begin PBXFrameworksBuildPhase section */
		68E4EC4A2939CEDB005BC224 /* Frameworks */ = {
			isa = PBXFrameworksBuildPhase;
			buildActionMask = 2147483647;
			files = (
				68EB5D3F294A32F20008FD20 /* FirebaseAuth in Frameworks */,
			);
			runOnlyForDeploymentPostprocessing = 0;
		};
/* End PBXFrameworksBuildPhase section */

/* Begin PBXGroup section */
		68E4EC442939CEDB005BC224 = {
			isa = PBXGroup;
			children = (
				68E4EC4F2939CEDB005BC224 /* Book */,
				68E4EC4E2939CEDB005BC224 /* Products */,
			);
			sourceTree = "<group>";
		};
		68E4EC4E2939CEDB005BC224 /* Products */ = {
			isa = PBXGroup;
			children = (
				68E4EC4D2939CEDB005BC224 /* Book.app */,
			);
			name = Products;
			sourceTree = "<group>";
		};
		68E4EC4F2939CEDB005BC224 /* Book */ = {
			isa = PBXGroup;
			children = (
				68EB5D32294A29B40008FD20 /* Main */,
				68E4EC502939CEDB005BC224 /* AppDelegate.swift */,
				68E4EC522939CEDB005BC224 /* SceneDelegate.swift */,
				68E4EC542939CEDB005BC224 /* ViewController.swift */,
				68E4EC562939CEDB005BC224 /* Main.storyboard */,
				68E4EC592939CEDC005BC224 /* Assets.xcassets */,
				68E4EC5B2939CEDC005BC224 /* LaunchScreen.storyboard */,
				68E4EC5E2939CEDC005BC224 /* Info.plist */,
				68EB5D3B294A32300008FD20 /* GoogleService-Info (2).plist */,
			);
			path = Book;
			sourceTree = "<group>";
		};
		68EB5D32294A29B40008FD20 /* Main */ = {
			isa = PBXGroup;
			children = (
				68EB5D35294A29CF0008FD20 /* Model */,
				68EB5D34294A29C60008FD20 /* View */,
				68EB5D33294A29BE0008FD20 /* ViewModel */,
			);
			path = Main;
			sourceTree = "<group>";
		};
		68EB5D33294A29BE0008FD20 /* ViewModel */ = {
			isa = PBXGroup;
			children = (
				68EB5D36294A2C7D0008FD20 /* LoginViewController.swift */,
				68EB5D39294A2E850008FD20 /* CreateAccountViewController.swift */,
			);
			path = ViewModel;
			sourceTree = "<group>";
		};
		68EB5D34294A29C60008FD20 /* View */ = {
			isa = PBXGroup;
			children = (
			);
			path = View;
			sourceTree = "<group>";
		};
		68EB5D35294A29CF0008FD20 /* Model */ = {
			isa = PBXGroup;
			children = (
			);
			path = Model;
			sourceTree = "<group>";
		};
/* End PBXGroup section */

/* Begin PBXNativeTarget section */
		68E4EC4C2939CEDB005BC224 /* Book */ = {
			isa = PBXNativeTarget;
			buildConfigurationList = 68E4EC612939CEDC005BC224 /* Build configuration list for PBXNativeTarget "Book" */;
			buildPhases = (
				68E4EC492939CEDB005BC224 /* Sources */,
				68E4EC4A2939CEDB005BC224 /* Frameworks */,
				68E4EC4B2939CEDB005BC224 /* Resources */,
			);
			buildRules = (
			);
			dependencies = (
			);
			name = Book;
			packageProductDependencies = (
				68EB5D3E294A32F20008FD20 /* FirebaseAuth */,
			);
			productName = Book;
			productReference = 68E4EC4D2939CEDB005BC224 /* Book.app */;
			productType = "com.apple.product-type.application";
		};
/* End PBXNativeTarget section */

/* Begin PBXProject section */
		68E4EC452939CEDB005BC224 /* Project object */ = {
			isa = PBXProject;
			attributes = {
				BuildIndependentTargetsInParallel = 1;
				LastSwiftUpdateCheck = 1410;
				LastUpgradeCheck = 1410;
				TargetAttributes = {
					68E4EC4C2939CEDB005BC224 = {
						CreatedOnToolsVersion = 14.1;
					};
				};
			};
			buildConfigurationList = 68E4EC482939CEDB005BC224 /* Build configuration list for PBXProject "Book" */;
			compatibilityVersion = "Xcode 14.0";
			developmentRegion = en;
			hasScannedForEncodings = 0;
			knownRegions = (
				en,
				Base,
			);
			mainGroup = 68E4EC442939CEDB005BC224;
			packageReferences = (
				68EB5D3D294A32F20008FD20 /* XCRemoteSwiftPackageReference "firebase-ios-sdk" */,
			);
			productRefGroup = 68E4EC4E2939CEDB005BC224 /* Products */;
			projectDirPath = "";
			projectRoot = "";
			targets = (
				68E4EC4C2939CEDB005BC224 /* Book */,
			);
		};
/* End PBXProject section */

/* Begin PBXResourcesBuildPhase section */
		68E4EC4B2939CEDB005BC224 /* Resources */ = {
			isa = PBXResourcesBuildPhase;
			buildActionMask = 2147483647;
			files = (
				68EB5D3C294A32300008FD20 /* GoogleService-Info (2).plist in Resources */,
				68E4EC5D2939CEDC005BC224 /* LaunchScreen.storyboard in Resources */,
				68E4EC5A2939CEDC005BC224 /* Assets.xcassets in Resources */,
				68E4EC582939CEDB005BC224 /* Main.storyboard in Resources */,
			);
			runOnlyForDeploymentPostprocessing = 0;
		};
/* End PBXResourcesBuildPhase section */

/* Begin PBXSourcesBuildPhase section */
		68E4EC492939CEDB005BC224 /* Sources */ = {
			isa = PBXSourcesBuildPhase;
			buildActionMask = 2147483647;
			files = (
				68EB5D3A294A2E850008FD20 /* CreateAccountViewController.swift in Sources */,
				68EB5D37294A2C7D0008FD20 /* LoginViewController.swift in Sources */,
				68E4EC552939CEDB005BC224 /* ViewController.swift in Sources */,
				68E4EC512939CEDB005BC224 /* AppDelegate.swift in Sources */,
				68E4EC532939CEDB005BC224 /* SceneDelegate.swift in Sources */,
			);
			runOnlyForDeploymentPostprocessing = 0;
		};
/* End PBXSourcesBuildPhase section */

/* Begin PBXVariantGroup section */
		68E4EC562939CEDB005BC224 /* Main.storyboard */ = {
			isa = PBXVariantGroup;
			children = (
				68E4EC572939CEDB005BC224 /* Base */,
			);
			name = Main.storyboard;
			sourceTree = "<group>";
		};
		68E4EC5B2939CEDC005BC224 /* LaunchScreen.storyboard */ = {
			isa = PBXVariantGroup;
			children = (
				68E4EC5C2939CEDC005BC224 /* Base */,
			);
			name = LaunchScreen.storyboard;
			sourceTree = "<group>";
		};
/* End PBXVariantGroup section */

/* Begin XCBuildConfiguration section */
		68E4EC5F2939CEDC005BC224 /* Debug */ = {
			isa = XCBuildConfiguration;
			buildSettings = {
				ALWAYS_SEARCH_USER_PATHS = NO;
				CLANG_ANALYZER_NONNULL = YES;
				CLANG_ANALYZER_NUMBER_OBJECT_CONVERSION = YES_AGGRESSIVE;
				CLANG_CXX_LANGUAGE_STANDARD = "gnu++20";
				CLANG_ENABLE_MODULES = YES;
				CLANG_ENABLE_OBJC_ARC = YES;
				CLANG_ENABLE_OBJC_WEAK = YES;
				CLANG_WARN_BLOCK_CAPTURE_AUTORELEASING = YES;
				CLANG_WARN_BOOL_CONVERSION = YES;
				CLANG_WARN_COMMA = YES;
				CLANG_WARN_CONSTANT_CONVERSION = YES;
				CLANG_WARN_DEPRECATED_OBJC_IMPLEMENTATIONS = YES;
				CLANG_WARN_DIRECT_OBJC_ISA_USAGE = YES_ERROR;
				CLANG_WARN_DOCUMENTATION_COMMENTS = YES;
				CLANG_WARN_EMPTY_BODY = YES;
				CLANG_WARN_ENUM_CONVERSION = YES;
				CLANG_WARN_INFINITE_RECURSION = YES;
				CLANG_WARN_INT_CONVERSION = YES;
				CLANG_WARN_NON_LITERAL_NULL_CONVERSION = YES;
				CLANG_WARN_OBJC_IMPLICIT_RETAIN_SELF = YES;
				CLANG_WARN_OBJC_LITERAL_CONVERSION = YES;
				CLANG_WARN_OBJC_ROOT_CLASS = YES_ERROR;
				CLANG_WARN_QUOTED_INCLUDE_IN_FRAMEWORK_HEADER = YES;
				CLANG_WARN_RANGE_LOOP_ANALYSIS = YES;
				CLANG_WARN_STRICT_PROTOTYPES = YES;
				CLANG_WARN_SUSPICIOUS_MOVE = YES;
				CLANG_WARN_UNGUARDED_AVAILABILITY = YES_AGGRESSIVE;
				CLANG_WARN_UNREACHABLE_CODE = YES;
				CLANG_WARN__DUPLICATE_METHOD_MATCH = YES;
				COPY_PHASE_STRIP = NO;
				DEBUG_INFORMATION_FORMAT = dwarf;
				ENABLE_STRICT_OBJC_MSGSEND = YES;
				ENABLE_TESTABILITY = YES;
				GCC_C_LANGUAGE_STANDARD = gnu11;
				GCC_DYNAMIC_NO_PIC = NO;
				GCC_NO_COMMON_BLOCKS = YES;
				GCC_OPTIMIZATION_LEVEL = 0;
				GCC_PREPROCESSOR_DEFINITIONS = (
					"DEBUG=1",
					"$(inherited)",
				);
				GCC_WARN_64_TO_32_BIT_CONVERSION = YES;
				GCC_WARN_ABOUT_RETURN_TYPE = YES_ERROR;
				GCC_WARN_UNDECLARED_SELECTOR = YES;
				GCC_WARN_UNINITIALIZED_AUTOS = YES_AGGRESSIVE;
				GCC_WARN_UNUSED_FUNCTION = YES;
				GCC_WARN_UNUSED_VARIABLE = YES;
				IPHONEOS_DEPLOYMENT_TARGET = 16.1;
				MTL_ENABLE_DEBUG_INFO = INCLUDE_SOURCE;
				MTL_FAST_MATH = YES;
				ONLY_ACTIVE_ARCH = YES;
				SDKROOT = iphoneos;
				SWIFT_ACTIVE_COMPILATION_CONDITIONS = DEBUG;
				SWIFT_OPTIMIZATION_LEVEL = "-Onone";
			};
			name = Debug;
		};
		68E4EC602939CEDC005BC224 /* Release */ = {
			isa = XCBuildConfiguration;
			buildSettings = {
				ALWAYS_SEARCH_USER_PATHS = NO;
				CLANG_ANALYZER_NONNULL = YES;
				CLANG_ANALYZER_NUMBER_OBJECT_CONVERSION = YES_AGGRESSIVE;
				CLANG_CXX_LANGUAGE_STANDARD = "gnu++20";
				CLANG_ENABLE_MODULES = YES;
				CLANG_ENABLE_OBJC_ARC = YES;
				CLANG_ENABLE_OBJC_WEAK = YES;
				CLANG_WARN_BLOCK_CAPTURE_AUTORELEASING = YES;
				CLANG_WARN_BOOL_CONVERSION = YES;
				CLANG_WARN_COMMA = YES;
				CLANG_WARN_CONSTANT_CONVERSION = YES;
				CLANG_WARN_DEPRECATED_OBJC_IMPLEMENTATIONS = YES;
				CLANG_WARN_DIRECT_OBJC_ISA_USAGE = YES_ERROR;
				CLANG_WARN_DOCUMENTATION_COMMENTS = YES;
				CLANG_WARN_EMPTY_BODY = YES;
				CLANG_WARN_ENUM_CONVERSION = YES;
				CLANG_WARN_INFINITE_RECURSION = YES;
				CLANG_WARN_INT_CONVERSION = YES;
				CLANG_WARN_NON_LITERAL_NULL_CONVERSION = YES;
				CLANG_WARN_OBJC_IMPLICIT_RETAIN_SELF = YES;
				CLANG_WARN_OBJC_LITERAL_CONVERSION = YES;
				CLANG_WARN_OBJC_ROOT_CLASS = YES_ERROR;
				CLANG_WARN_QUOTED_INCLUDE_IN_FRAMEWORK_HEADER = YES;
				CLANG_WARN_RANGE_LOOP_ANALYSIS = YES;
				CLANG_WARN_STRICT_PROTOTYPES = YES;
				CLANG_WARN_SUSPICIOUS_MOVE = YES;
				CLANG_WARN_UNGUARDED_AVAILABILITY = YES_AGGRESSIVE;
				CLANG_WARN_UNREACHABLE_CODE = YES;
				CLANG_WARN__DUPLICATE_METHOD_MATCH = YES;
				COPY_PHASE_STRIP = NO;
				DEBUG_INFORMATION_FORMAT = "dwarf-with-dsym";
				ENABLE_NS_ASSERTIONS = NO;
				ENABLE_STRICT_OBJC_MSGSEND = YES;
				GCC_C_LANGUAGE_STANDARD = gnu11;
				GCC_NO_COMMON_BLOCKS = YES;
				GCC_WARN_64_TO_32_BIT_CONVERSION = YES;
				GCC_WARN_ABOUT_RETURN_TYPE = YES_ERROR;
				GCC_WARN_UNDECLARED_SELECTOR = YES;
				GCC_WARN_UNINITIALIZED_AUTOS = YES_AGGRESSIVE;
				GCC_WARN_UNUSED_FUNCTION = YES;
				GCC_WARN_UNUSED_VARIABLE = YES;
				IPHONEOS_DEPLOYMENT_TARGET = 16.1;
				MTL_ENABLE_DEBUG_INFO = NO;
				MTL_FAST_MATH = YES;
				SDKROOT = iphoneos;
				SWIFT_COMPILATION_MODE = wholemodule;
				SWIFT_OPTIMIZATION_LEVEL = "-O";
				VALIDATE_PRODUCT = YES;
			};
			name = Release;
		};
		68E4EC622939CEDC005BC224 /* Debug */ = {
			isa = XCBuildConfiguration;
			buildSettings = {
				ASSETCATALOG_COMPILER_APPICON_NAME = AppIcon;
				ASSETCATALOG_COMPILER_GLOBAL_ACCENT_COLOR_NAME = AccentColor;
				CODE_SIGN_STYLE = Automatic;
				CURRENT_PROJECT_VERSION = 1;
				DEVELOPMENT_TEAM = J8R9984PRV;
				GENERATE_INFOPLIST_FILE = YES;
				INFOPLIST_FILE = Book/Info.plist;
				INFOPLIST_KEY_UIApplicationSupportsIndirectInputEvents = YES;
				INFOPLIST_KEY_UILaunchStoryboardName = LaunchScreen;
				INFOPLIST_KEY_UIMainStoryboardFile = Main;
				INFOPLIST_KEY_UISupportedInterfaceOrientations_iPad = "UIInterfaceOrientationPortrait UIInterfaceOrientationPortraitUpsideDown UIInterfaceOrientationLandscapeLeft UIInterfaceOrientationLandscapeRight";
				INFOPLIST_KEY_UISupportedInterfaceOrientations_iPhone = "UIInterfaceOrientationPortrait UIInterfaceOrientationLandscapeLeft UIInterfaceOrientationLandscapeRight";
				LD_RUNPATH_SEARCH_PATHS = (
					"$(inherited)",
					"@executable_path/Frameworks",
				);
				MARKETING_VERSION = 1.0;
				PRODUCT_BUNDLE_IDENTIFIER = pe.fernandosalas.Book;
				PRODUCT_NAME = "$(TARGET_NAME)";
				SWIFT_EMIT_LOC_STRINGS = YES;
				SWIFT_VERSION = 5.0;
				TARGETED_DEVICE_FAMILY = "1,2";
			};
			name = Debug;
		};
		68E4EC632939CEDC005BC224 /* Release */ = {
			isa = XCBuildConfiguration;
			buildSettings = {
				ASSETCATALOG_COMPILER_APPICON_NAME = AppIcon;
				ASSETCATALOG_COMPILER_GLOBAL_ACCENT_COLOR_NAME = AccentColor;
				CODE_SIGN_STYLE = Automatic;
				CURRENT_PROJECT_VERSION = 1;
				DEVELOPMENT_TEAM = J8R9984PRV;
				GENERATE_INFOPLIST_FILE = YES;
				INFOPLIST_FILE = Book/Info.plist;
				INFOPLIST_KEY_UIApplicationSupportsIndirectInputEvents = YES;
				INFOPLIST_KEY_UILaunchStoryboardName = LaunchScreen;
				INFOPLIST_KEY_UIMainStoryboardFile = Main;
				INFOPLIST_KEY_UISupportedInterfaceOrientations_iPad = "UIInterfaceOrientationPortrait UIInterfaceOrientationPortraitUpsideDown UIInterfaceOrientationLandscapeLeft UIInterfaceOrientationLandscapeRight";
				INFOPLIST_KEY_UISupportedInterfaceOrientations_iPhone = "UIInterfaceOrientationPortrait UIInterfaceOrientationLandscapeLeft UIInterfaceOrientationLandscapeRight";
				LD_RUNPATH_SEARCH_PATHS = (
					"$(inherited)",
					"@executable_path/Frameworks",
				);
				MARKETING_VERSION = 1.0;
				PRODUCT_BUNDLE_IDENTIFIER = pe.fernandosalas.Book;
				PRODUCT_NAME = "$(TARGET_NAME)";
				SWIFT_EMIT_LOC_STRINGS = YES;
				SWIFT_VERSION = 5.0;
				TARGETED_DEVICE_FAMILY = "1,2";
			};
			name = Release;
		};
/* End XCBuildConfiguration section */

/* Begin XCConfigurationList section */
		68E4EC482939CEDB005BC224 /* Build configuration list for PBXProject "Book" */ = {
			isa = XCConfigurationList;
			buildConfigurations = (
				68E4EC5F2939CEDC005BC224 /* Debug */,
				68E4EC602939CEDC005BC224 /* Release */,
			);
			defaultConfigurationIsVisible = 0;
			defaultConfigurationName = Release;
		};
		68E4EC612939CEDC005BC224 /* Build configuration list for PBXNativeTarget "Book" */ = {
			isa = XCConfigurationList;
			buildConfigurations = (
				68E4EC622939CEDC005BC224 /* Debug */,
				68E4EC632939CEDC005BC224 /* Release */,
			);
			defaultConfigurationIsVisible = 0;
			defaultConfigurationName = Release;
		};
/* End XCConfigurationList section */

/* Begin XCRemoteSwiftPackageReference section */
		68EB5D3D294A32F20008FD20 /* XCRemoteSwiftPackageReference "firebase-ios-sdk" */ = {
			isa = XCRemoteSwiftPackageReference;
			repositoryURL = "https://github.com/firebase/firebase-ios-sdk";
			requirement = {
				branch = master;
				kind = branch;
			};
		};
/* End XCRemoteSwiftPackageReference section */

/* Begin XCSwiftPackageProductDependency section */
		68EB5D3E294A32F20008FD20 /* FirebaseAuth */ = {
			isa = XCSwiftPackageProductDependency;
			package = 68EB5D3D294A32F20008FD20 /* XCRemoteSwiftPackageReference "firebase-ios-sdk" */;
			productName = FirebaseAuth;
		};
/* End XCSwiftPackageProductDependency section */
	};
	rootObject = 68E4EC452939CEDB005BC224 /* Project object */;
}
